// !$*UTF8*$!
{
	archiveVersion = 1;
	classes = {
	};
	objectVersion = 56;
	objects = {

/* Begin PBXBuildFile section */
		1F5A536F29E08E2400F1AE4B /* Random_Games_ChooserApp.swift in Sources */ = {isa = PBXBuildFile; fileRef = 1F5A536E29E08E2400F1AE4B /* Random_Games_ChooserApp.swift */; };
		1F5A537129E08E2400F1AE4B /* ContentView.swift in Sources */ = {isa = PBXBuildFile; fileRef = 1F5A537029E08E2400F1AE4B /* ContentView.swift */; };
		1F5A537329E08E2600F1AE4B /* Assets.xcassets in Resources */ = {isa = PBXBuildFile; fileRef = 1F5A537229E08E2600F1AE4B /* Assets.xcassets */; };
		1F5A537729E08E2600F1AE4B /* Preview Assets.xcassets in Resources */ = {isa = PBXBuildFile; fileRef = 1F5A537629E08E2600F1AE4B /* Preview Assets.xcassets */; };
		1F5A538129E08E2600F1AE4B /* Random_Games_ChooserTests.swift in Sources */ = {isa = PBXBuildFile; fileRef = 1F5A538029E08E2600F1AE4B /* Random_Games_ChooserTests.swift */; };
		1F5A538B29E08E2600F1AE4B /* Random_Games_ChooserUITests.swift in Sources */ = {isa = PBXBuildFile; fileRef = 1F5A538A29E08E2600F1AE4B /* Random_Games_ChooserUITests.swift */; };
		1F5A538D29E08E2600F1AE4B /* Random_Games_ChooserUITestsLaunchTests.swift in Sources */ = {isa = PBXBuildFile; fileRef = 1F5A538C29E08E2600F1AE4B /* Random_Games_ChooserUITestsLaunchTests.swift */; };
/* End PBXBuildFile section */

/* Begin PBXContainerItemProxy section */
		1F5A537D29E08E2600F1AE4B /* PBXContainerItemProxy */ = {
			isa = PBXContainerItemProxy;
			containerPortal = 1F5A536329E08E2300F1AE4B /* Project object */;
			proxyType = 1;
			remoteGlobalIDString = 1F5A536A29E08E2300F1AE4B;
			remoteInfo = "Random Games Chooser";
		};
		1F5A538729E08E2600F1AE4B /* PBXContainerItemProxy */ = {
			isa = PBXContainerItemProxy;
			containerPortal = 1F5A536329E08E2300F1AE4B /* Project object */;
			proxyType = 1;
			remoteGlobalIDString = 1F5A536A29E08E2300F1AE4B;
			remoteInfo = "Random Games Chooser";
		};
/* End PBXContainerItemProxy section */

/* Begin PBXFileReference section */
		1F5A536B29E08E2300F1AE4B /* Random Games Chooser.app */ = {isa = PBXFileReference; explicitFileType = wrapper.application; includeInIndex = 0; path = "Random Games Chooser.app"; sourceTree = BUILT_PRODUCTS_DIR; };
		1F5A536E29E08E2400F1AE4B /* Random_Games_ChooserApp.swift */ = {isa = PBXFileReference; lastKnownFileType = sourcecode.swift; path = Random_Games_ChooserApp.swift; sourceTree = "<group>"; };
		1F5A537029E08E2400F1AE4B /* ContentView.swift */ = {isa = PBXFileReference; lastKnownFileType = sourcecode.swift; path = ContentView.swift; sourceTree = "<group>"; };
		1F5A537229E08E2600F1AE4B /* Assets.xcassets */ = {isa = PBXFileReference; lastKnownFileType = folder.assetcatalog; path = Assets.xcassets; sourceTree = "<group>"; };
		1F5A537429E08E2600F1AE4B /* Random_Games_Chooser.entitlements */ = {isa = PBXFileReference; lastKnownFileType = text.plist.entitlements; path = Random_Games_Chooser.entitlements; sourceTree = "<group>"; };
		1F5A537629E08E2600F1AE4B /* Preview Assets.xcassets */ = {isa = PBXFileReference; lastKnownFileType = folder.assetcatalog; path = "Preview Assets.xcassets"; sourceTree = "<group>"; };
		1F5A537C29E08E2600F1AE4B /* Random Games ChooserTests.xctest */ = {isa = PBXFileReference; explicitFileType = wrapper.cfbundle; includeInIndex = 0; path = "Random Games ChooserTests.xctest"; sourceTree = BUILT_PRODUCTS_DIR; };
		1F5A538029E08E2600F1AE4B /* Random_Games_ChooserTests.swift */ = {isa = PBXFileReference; lastKnownFileType = sourcecode.swift; path = Random_Games_ChooserTests.swift; sourceTree = "<group>"; };
		1F5A538629E08E2600F1AE4B /* Random Games ChooserUITests.xctest */ = {isa = PBXFileReference; explicitFileType = wrapper.cfbundle; includeInIndex = 0; path = "Random Games ChooserUITests.xctest"; sourceTree = BUILT_PRODUCTS_DIR; };
		1F5A538A29E08E2600F1AE4B /* Random_Games_ChooserUITests.swift */ = {isa = PBXFileReference; lastKnownFileType = sourcecode.swift; path = Random_Games_ChooserUITests.swift; sourceTree = "<group>"; };
		1F5A538C29E08E2600F1AE4B /* Random_Games_ChooserUITestsLaunchTests.swift */ = {isa = PBXFileReference; lastKnownFileType = sourcecode.swift; path = Random_Games_ChooserUITestsLaunchTests.swift; sourceTree = "<group>"; };
/* End PBXFileReference section */

/* Begin PBXFrameworksBuildPhase section */
		1F5A536829E08E2300F1AE4B /* Frameworks */ = {
			isa = PBXFrameworksBuildPhase;
			buildActionMask = 2147483647;
			files = (
			);
			runOnlyForDeploymentPostprocessing = 0;
		};
		1F5A537929E08E2600F1AE4B /* Frameworks */ = {
			isa = PBXFrameworksBuildPhase;
			buildActionMask = 2147483647;
			files = (
			);
			runOnlyForDeploymentPostprocessing = 0;
		};
		1F5A538329E08E2600F1AE4B /* Frameworks */ = {
			isa = PBXFrameworksBuildPhase;
			buildActionMask = 2147483647;
			files = (
			);
			runOnlyForDeploymentPostprocessing = 0;
		};
/* End PBXFrameworksBuildPhase section */

/* Begin PBXGroup section */
		1F5A536229E08E2300F1AE4B = {
			isa = PBXGroup;
			children = (
				1F5A536D29E08E2400F1AE4B /* Random Games Chooser */,
				1F5A537F29E08E2600F1AE4B /* Random Games ChooserTests */,
				1F5A538929E08E2600F1AE4B /* Random Games ChooserUITests */,
				1F5A536C29E08E2300F1AE4B /* Products */,
			);
			sourceTree = "<group>";
		};
		1F5A536C29E08E2300F1AE4B /* Products */ = {
			isa = PBXGroup;
			children = (
				1F5A536B29E08E2300F1AE4B /* Random Games Chooser.app */,
				1F5A537C29E08E2600F1AE4B /* Random Games ChooserTests.xctest */,
				1F5A538629E08E2600F1AE4B /* Random Games ChooserUITests.xctest */,
			);
			name = Products;
			sourceTree = "<group>";
		};
		1F5A536D29E08E2400F1AE4B /* Random Games Chooser */ = {
			isa = PBXGroup;
			children = (
				1F5A536E29E08E2400F1AE4B /* Random_Games_ChooserApp.swift */,
				1F5A537029E08E2400F1AE4B /* ContentView.swift */,
				1F5A537229E08E2600F1AE4B /* Assets.xcassets */,
				1F5A537429E08E2600F1AE4B /* Random_Games_Chooser.entitlements */,
				1F5A537529E08E2600F1AE4B /* Preview Content */,
			);
			path = "Random Games Chooser";
			sourceTree = "<group>";
		};
		1F5A537529E08E2600F1AE4B /* Preview Content */ = {
			isa = PBXGroup;
			children = (
				1F5A537629E08E2600F1AE4B /* Preview Assets.xcassets */,
			);
			path = "Preview Content";
			sourceTree = "<group>";
		};
		1F5A537F29E08E2600F1AE4B /* Random Games ChooserTests */ = {
			isa = PBXGroup;
			children = (
				1F5A538029E08E2600F1AE4B /* Random_Games_ChooserTests.swift */,
			);
			path = "Random Games ChooserTests";
			sourceTree = "<group>";
		};
		1F5A538929E08E2600F1AE4B /* Random Games ChooserUITests */ = {
			isa = PBXGroup;
			children = (
				1F5A538A29E08E2600F1AE4B /* Random_Games_ChooserUITests.swift */,
				1F5A538C29E08E2600F1AE4B /* Random_Games_ChooserUITestsLaunchTests.swift */,
			);
			path = "Random Games ChooserUITests";
			sourceTree = "<group>";
		};
/* End PBXGroup section */

/* Begin PBXNativeTarget section */
		1F5A536A29E08E2300F1AE4B /* Random Games Chooser */ = {
			isa = PBXNativeTarget;
			buildConfigurationList = 1F5A539029E08E2600F1AE4B /* Build configuration list for PBXNativeTarget "Random Games Chooser" */;
			buildPhases = (
				1F5A536729E08E2300F1AE4B /* Sources */,
				1F5A536829E08E2300F1AE4B /* Frameworks */,
				1F5A536929E08E2300F1AE4B /* Resources */,
			);
			buildRules = (
			);
			dependencies = (
			);
			name = "Random Games Chooser";
			productName = "Random Games Chooser";
			productReference = 1F5A536B29E08E2300F1AE4B /* Random Games Chooser.app */;
			productType = "com.apple.product-type.application";
		};
		1F5A537B29E08E2600F1AE4B /* Random Games ChooserTests */ = {
			isa = PBXNativeTarget;
			buildConfigurationList = 1F5A539329E08E2600F1AE4B /* Build configuration list for PBXNativeTarget "Random Games ChooserTests" */;
			buildPhases = (
				1F5A537829E08E2600F1AE4B /* Sources */,
				1F5A537929E08E2600F1AE4B /* Frameworks */,
				1F5A537A29E08E2600F1AE4B /* Resources */,
			);
			buildRules = (
			);
			dependencies = (
				1F5A537E29E08E2600F1AE4B /* PBXTargetDependency */,
			);
			name = "Random Games ChooserTests";
			productName = "Random Games ChooserTests";
			productReference = 1F5A537C29E08E2600F1AE4B /* Random Games ChooserTests.xctest */;
			productType = "com.apple.product-type.bundle.unit-test";
		};
		1F5A538529E08E2600F1AE4B /* Random Games ChooserUITests */ = {
			isa = PBXNativeTarget;
			buildConfigurationList = 1F5A539629E08E2600F1AE4B /* Build configuration list for PBXNativeTarget "Random Games ChooserUITests" */;
			buildPhases = (
				1F5A538229E08E2600F1AE4B /* Sources */,
				1F5A538329E08E2600F1AE4B /* Frameworks */,
				1F5A538429E08E2600F1AE4B /* Resources */,
			);
			buildRules = (
			);
			dependencies = (
				1F5A538829E08E2600F1AE4B /* PBXTargetDependency */,
			);
			name = "Random Games ChooserUITests";
			productName = "Random Games ChooserUITests";
			productReference = 1F5A538629E08E2600F1AE4B /* Random Games ChooserUITests.xctest */;
			productType = "com.apple.product-type.bundle.ui-testing";
		};
/* End PBXNativeTarget section */

/* Begin PBXProject section */
		1F5A536329E08E2300F1AE4B /* Project object */ = {
			isa = PBXProject;
			attributes = {
				BuildIndependentTargetsInParallel = 1;
				LastSwiftUpdateCheck = 1430;
				LastUpgradeCheck = 1430;
				TargetAttributes = {
					1F5A536A29E08E2300F1AE4B = {
						CreatedOnToolsVersion = 14.3;
					};
					1F5A537B29E08E2600F1AE4B = {
						CreatedOnToolsVersion = 14.3;
						TestTargetID = 1F5A536A29E08E2300F1AE4B;
					};
					1F5A538529E08E2600F1AE4B = {
						CreatedOnToolsVersion = 14.3;
						TestTargetID = 1F5A536A29E08E2300F1AE4B;
					};
				};
			};
			buildConfigurationList = 1F5A536629E08E2300F1AE4B /* Build configuration list for PBXProject "Random Games Chooser" */;
			compatibilityVersion = "Xcode 14.0";
			developmentRegion = en;
			hasScannedForEncodings = 0;
			knownRegions = (
				en,
				Base,
			);
			mainGroup = 1F5A536229E08E2300F1AE4B;
			productRefGroup = 1F5A536C29E08E2300F1AE4B /* Products */;
			projectDirPath = "";
			projectRoot = "";
			targets = (
				1F5A536A29E08E2300F1AE4B /* Random Games Chooser */,
				1F5A537B29E08E2600F1AE4B /* Random Games ChooserTests */,
				1F5A538529E08E2600F1AE4B /* Random Games ChooserUITests */,
			);
		};
/* End PBXProject section */

/* Begin PBXResourcesBuildPhase section */
		1F5A536929E08E2300F1AE4B /* Resources */ = {
			isa = PBXResourcesBuildPhase;
			buildActionMask = 2147483647;
			files = (
				1F5A537729E08E2600F1AE4B /* Preview Assets.xcassets in Resources */,
				1F5A537329E08E2600F1AE4B /* Assets.xcassets in Resources */,
			);
			runOnlyForDeploymentPostprocessing = 0;
		};
		1F5A537A29E08E2600F1AE4B /* Resources */ = {
			isa = PBXResourcesBuildPhase;
			buildActionMask = 2147483647;
			files = (
			);
			runOnlyForDeploymentPostprocessing = 0;
		};
		1F5A538429E08E2600F1AE4B /* Resources */ = {
			isa = PBXResourcesBuildPhase;
			buildActionMask = 2147483647;
			files = (
			);
			runOnlyForDeploymentPostprocessing = 0;
		};
/* End PBXResourcesBuildPhase section */

/* Begin PBXSourcesBuildPhase section */
		1F5A536729E08E2300F1AE4B /* Sources */ = {
			isa = PBXSourcesBuildPhase;
			buildActionMask = 2147483647;
			files = (
				1F5A537129E08E2400F1AE4B /* ContentView.swift in Sources */,
				1F5A536F29E08E2400F1AE4B /* Random_Games_ChooserApp.swift in Sources */,
			);
			runOnlyForDeploymentPostprocessing = 0;
		};
		1F5A537829E08E2600F1AE4B /* Sources */ = {
			isa = PBXSourcesBuildPhase;
			buildActionMask = 2147483647;
			files = (
				1F5A538129E08E2600F1AE4B /* Random_Games_ChooserTests.swift in Sources */,
			);
			runOnlyForDeploymentPostprocessing = 0;
		};
		1F5A538229E08E2600F1AE4B /* Sources */ = {
			isa = PBXSourcesBuildPhase;
			buildActionMask = 2147483647;
			files = (
				1F5A538B29E08E2600F1AE4B /* Random_Games_ChooserUITests.swift in Sources */,
				1F5A538D29E08E2600F1AE4B /* Random_Games_ChooserUITestsLaunchTests.swift in Sources */,
			);
			runOnlyForDeploymentPostprocessing = 0;
		};
/* End PBXSourcesBuildPhase section */

/* Begin PBXTargetDependency section */
		1F5A537E29E08E2600F1AE4B /* PBXTargetDependency */ = {
			isa = PBXTargetDependency;
			target = 1F5A536A29E08E2300F1AE4B /* Random Games Chooser */;
			targetProxy = 1F5A537D29E08E2600F1AE4B /* PBXContainerItemProxy */;
		};
		1F5A538829E08E2600F1AE4B /* PBXTargetDependency */ = {
			isa = PBXTargetDependency;
			target = 1F5A536A29E08E2300F1AE4B /* Random Games Chooser */;
			targetProxy = 1F5A538729E08E2600F1AE4B /* PBXContainerItemProxy */;
		};
/* End PBXTargetDependency section */

/* Begin XCBuildConfiguration section */
		1F5A538E29E08E2600F1AE4B /* Debug */ = {
			isa = XCBuildConfiguration;
			buildSettings = {
				ALWAYS_SEARCH_USER_PATHS = NO;
				CLANG_ANALYZER_NONNULL = YES;
				CLANG_ANALYZER_NUMBER_OBJECT_CONVERSION = YES_AGGRESSIVE;
				CLANG_CXX_LANGUAGE_STANDARD = "gnu++20";
				CLANG_ENABLE_MODULES = YES;
				CLANG_ENABLE_OBJC_ARC = YES;
				CLANG_ENABLE_OBJC_WEAK = YES;
				CLANG_WARN_BLOCK_CAPTURE_AUTORELEASING = YES;
				CLANG_WARN_BOOL_CONVERSION = YES;
				CLANG_WARN_COMMA = YES;
				CLANG_WARN_CONSTANT_CONVERSION = YES;
				CLANG_WARN_DEPRECATED_OBJC_IMPLEMENTATIONS = YES;
				CLANG_WARN_DIRECT_OBJC_ISA_USAGE = YES_ERROR;
				CLANG_WARN_DOCUMENTATION_COMMENTS = YES;
				CLANG_WARN_EMPTY_BODY = YES;
				CLANG_WARN_ENUM_CONVERSION = YES;
				CLANG_WARN_INFINITE_RECURSION = YES;
				CLANG_WARN_INT_CONVERSION = YES;
				CLANG_WARN_NON_LITERAL_NULL_CONVERSION = YES;
				CLANG_WARN_OBJC_IMPLICIT_RETAIN_SELF = YES;
				CLANG_WARN_OBJC_LITERAL_CONVERSION = YES;
				CLANG_WARN_OBJC_ROOT_CLASS = YES_ERROR;
				CLANG_WARN_QUOTED_INCLUDE_IN_FRAMEWORK_HEADER = YES;
				CLANG_WARN_RANGE_LOOP_ANALYSIS = YES;
				CLANG_WARN_STRICT_PROTOTYPES = YES;
				CLANG_WARN_SUSPICIOUS_MOVE = YES;
				CLANG_WARN_UNGUARDED_AVAILABILITY = YES_AGGRESSIVE;
				CLANG_WARN_UNREACHABLE_CODE = YES;
				CLANG_WARN__DUPLICATE_METHOD_MATCH = YES;
				COPY_PHASE_STRIP = NO;
				DEBUG_INFORMATION_FORMAT = dwarf;
				ENABLE_STRICT_OBJC_MSGSEND = YES;
				ENABLE_TESTABILITY = YES;
				GCC_C_LANGUAGE_STANDARD = gnu11;
				GCC_DYNAMIC_NO_PIC = NO;
				GCC_NO_COMMON_BLOCKS = YES;
				GCC_OPTIMIZATION_LEVEL = 0;
				GCC_PREPROCESSOR_DEFINITIONS = (
					"DEBUG=1",
					"$(inherited)",
				);
				GCC_WARN_64_TO_32_BIT_CONVERSION = YES;
				GCC_WARN_ABOUT_RETURN_TYPE = YES_ERROR;
				GCC_WARN_UNDECLARED_SELECTOR = YES;
				GCC_WARN_UNINITIALIZED_AUTOS = YES_AGGRESSIVE;
				GCC_WARN_UNUSED_FUNCTION = YES;
				GCC_WARN_UNUSED_VARIABLE = YES;
				MTL_ENABLE_DEBUG_INFO = INCLUDE_SOURCE;
				MTL_FAST_MATH = YES;
				ONLY_ACTIVE_ARCH = YES;
				SWIFT_ACTIVE_COMPILATION_CONDITIONS = DEBUG;
				SWIFT_OPTIMIZATION_LEVEL = "-Onone";
			};
			name = Debug;
		};
		1F5A538F29E08E2600F1AE4B /* Release */ = {
			isa = XCBuildConfiguration;
			buildSettings = {
				ALWAYS_SEARCH_USER_PATHS = NO;
				CLANG_ANALYZER_NONNULL = YES;
				CLANG_ANALYZER_NUMBER_OBJECT_CONVERSION = YES_AGGRESSIVE;
				CLANG_CXX_LANGUAGE_STANDARD = "gnu++20";
				CLANG_ENABLE_MODULES = YES;
				CLANG_ENABLE_OBJC_ARC = YES;
				CLANG_ENABLE_OBJC_WEAK = YES;
				CLANG_WARN_BLOCK_CAPTURE_AUTORELEASING = YES;
				CLANG_WARN_BOOL_CONVERSION = YES;
				CLANG_WARN_COMMA = YES;
				CLANG_WARN_CONSTANT_CONVERSION = YES;
				CLANG_WARN_DEPRECATED_OBJC_IMPLEMENTATIONS = YES;
				CLANG_WARN_DIRECT_OBJC_ISA_USAGE = YES_ERROR;
				CLANG_WARN_DOCUMENTATION_COMMENTS = YES;
				CLANG_WARN_EMPTY_BODY = YES;
				CLANG_WARN_ENUM_CONVERSION = YES;
				CLANG_WARN_INFINITE_RECURSION = YES;
				CLANG_WARN_INT_CONVERSION = YES;
				CLANG_WARN_NON_LITERAL_NULL_CONVERSION = YES;
				CLANG_WARN_OBJC_IMPLICIT_RETAIN_SELF = YES;
				CLANG_WARN_OBJC_LITERAL_CONVERSION = YES;
				CLANG_WARN_OBJC_ROOT_CLASS = YES_ERROR;
				CLANG_WARN_QUOTED_INCLUDE_IN_FRAMEWORK_HEADER = YES;
				CLANG_WARN_RANGE_LOOP_ANALYSIS = YES;
				CLANG_WARN_STRICT_PROTOTYPES = YES;
				CLANG_WARN_SUSPICIOUS_MOVE = YES;
				CLANG_WARN_UNGUARDED_AVAILABILITY = YES_AGGRESSIVE;
				CLANG_WARN_UNREACHABLE_CODE = YES;
				CLANG_WARN__DUPLICATE_METHOD_MATCH = YES;
				COPY_PHASE_STRIP = NO;
				DEBUG_INFORMATION_FORMAT = "dwarf-with-dsym";
				ENABLE_NS_ASSERTIONS = NO;
				ENABLE_STRICT_OBJC_MSGSEND = YES;
				GCC_C_LANGUAGE_STANDARD = gnu11;
				GCC_NO_COMMON_BLOCKS = YES;
				GCC_WARN_64_TO_32_BIT_CONVERSION = YES;
				GCC_WARN_ABOUT_RETURN_TYPE = YES_ERROR;
				GCC_WARN_UNDECLARED_SELECTOR = YES;
				GCC_WARN_UNINITIALIZED_AUTOS = YES_AGGRESSIVE;
				GCC_WARN_UNUSED_FUNCTION = YES;
				GCC_WARN_UNUSED_VARIABLE = YES;
				MTL_ENABLE_DEBUG_INFO = NO;
				MTL_FAST_MATH = YES;
				SWIFT_COMPILATION_MODE = wholemodule;
				SWIFT_OPTIMIZATION_LEVEL = "-O";
			};
			name = Release;
		};
		1F5A539129E08E2600F1AE4B /* Debug */ = {
			isa = XCBuildConfiguration;
			buildSettings = {
				ASSETCATALOG_COMPILER_APPICON_NAME = AppIcon;
				ASSETCATALOG_COMPILER_GLOBAL_ACCENT_COLOR_NAME = AccentColor;
				CODE_SIGN_ENTITLEMENTS = "Random Games Chooser/Random_Games_Chooser.entitlements";
				CODE_SIGN_STYLE = Automatic;
				CURRENT_PROJECT_VERSION = 1;
				DEVELOPMENT_ASSET_PATHS = "\"Random Games Chooser/Preview Content\"";
				DEVELOPMENT_TEAM = XW9N5K949L;
				ENABLE_HARDENED_RUNTIME = YES;
				ENABLE_PREVIEWS = YES;
				GENERATE_INFOPLIST_FILE = YES;
				"INFOPLIST_KEY_UIApplicationSceneManifest_Generation[sdk=iphoneos*]" = YES;
				"INFOPLIST_KEY_UIApplicationSceneManifest_Generation[sdk=iphonesimulator*]" = YES;
				"INFOPLIST_KEY_UIApplicationSupportsIndirectInputEvents[sdk=iphoneos*]" = YES;
				"INFOPLIST_KEY_UIApplicationSupportsIndirectInputEvents[sdk=iphonesimulator*]" = YES;
				"INFOPLIST_KEY_UILaunchScreen_Generation[sdk=iphoneos*]" = YES;
				"INFOPLIST_KEY_UILaunchScreen_Generation[sdk=iphonesimulator*]" = YES;
				"INFOPLIST_KEY_UIStatusBarStyle[sdk=iphoneos*]" = UIStatusBarStyleDefault;
				"INFOPLIST_KEY_UIStatusBarStyle[sdk=iphonesimulator*]" = UIStatusBarStyleDefault;
				INFOPLIST_KEY_UISupportedInterfaceOrientations_iPad = "UIInterfaceOrientationPortrait UIInterfaceOrientationPortraitUpsideDown UIInterfaceOrientationLandscapeLeft UIInterfaceOrientationLandscapeRight";
				INFOPLIST_KEY_UISupportedInterfaceOrientations_iPhone = "UIInterfaceOrientationPortrait UIInterfaceOrientationLandscapeLeft UIInterfaceOrientationLandscapeRight";
				IPHONEOS_DEPLOYMENT_TARGET = 16.4;
				LD_RUNPATH_SEARCH_PATHS = "@executable_path/Frameworks";
				"LD_RUNPATH_SEARCH_PATHS[sdk=macosx*]" = "@executable_path/../Frameworks";
				MACOSX_DEPLOYMENT_TARGET = 13.3;
				MARKETING_VERSION = 1.0;
				PRODUCT_BUNDLE_IDENTIFIER = "com.danidnm.Random-Games-Chooser";
				PRODUCT_NAME = "$(TARGET_NAME)";
				SDKROOT = auto;
				SUPPORTED_PLATFORMS = "iphoneos iphonesimulator macosx";
				SWIFT_EMIT_LOC_STRINGS = YES;
				SWIFT_VERSION = 5.0;
				TARGETED_DEVICE_FAMILY = "1,2";
			};
			name = Debug;
		};
		1F5A539229E08E2600F1AE4B /* Release */ = {
			isa = XCBuildConfiguration;
			buildSettings = {
				ASSETCATALOG_COMPILER_APPICON_NAME = AppIcon;
				ASSETCATALOG_COMPILER_GLOBAL_ACCENT_COLOR_NAME = AccentColor;
				CODE_SIGN_ENTITLEMENTS = "Random Games Chooser/Random_Games_Chooser.entitlements";
				CODE_SIGN_STYLE = Automatic;
				CURRENT_PROJECT_VERSION = 1;
				DEVELOPMENT_ASSET_PATHS = "\"Random Games Chooser/Preview Content\"";
				DEVELOPMENT_TEAM = XW9N5K949L;
				ENABLE_HARDENED_RUNTIME = YES;
				ENABLE_PREVIEWS = YES;
				GENERATE_INFOPLIST_FILE = YES;
				"INFOPLIST_KEY_UIApplicationSceneManifest_Generation[sdk=iphoneos*]" = YES;
				"INFOPLIST_KEY_UIApplicationSceneManifest_Generation[sdk=iphonesimulator*]" = YES;
				"INFOPLIST_KEY_UIApplicationSupportsIndirectInputEvents[sdk=iphoneos*]" = YES;
				"INFOPLIST_KEY_UIApplicationSupportsIndirectInputEvents[sdk=iphonesimulator*]" = YES;
				"INFOPLIST_KEY_UILaunchScreen_Generation[sdk=iphoneos*]" = YES;
				"INFOPLIST_KEY_UILaunchScreen_Generation[sdk=iphonesimulator*]" = YES;
				"INFOPLIST_KEY_UIStatusBarStyle[sdk=iphoneos*]" = UIStatusBarStyleDefault;
				"INFOPLIST_KEY_UIStatusBarStyle[sdk=iphonesimulator*]" = UIStatusBarStyleDefault;
				INFOPLIST_KEY_UISupportedInterfaceOrientations_iPad = "UIInterfaceOrientationPortrait UIInterfaceOrientationPortraitUpsideDown UIInterfaceOrientationLandscapeLeft UIInterfaceOrientationLandscapeRight";
				INFOPLIST_KEY_UISupportedInterfaceOrientations_iPhone = "UIInterfaceOrientationPortrait UIInterfaceOrientationLandscapeLeft UIInterfaceOrientationLandscapeRight";
				IPHONEOS_DEPLOYMENT_TARGET = 16.4;
				LD_RUNPATH_SEARCH_PATHS = "@executable_path/Frameworks";
				"LD_RUNPATH_SEARCH_PATHS[sdk=macosx*]" = "@executable_path/../Frameworks";
				MACOSX_DEPLOYMENT_TARGET = 13.3;
				MARKETING_VERSION = 1.0;
				PRODUCT_BUNDLE_IDENTIFIER = "com.danidnm.Random-Games-Chooser";
				PRODUCT_NAME = "$(TARGET_NAME)";
				SDKROOT = auto;
				SUPPORTED_PLATFORMS = "iphoneos iphonesimulator macosx";
				SWIFT_EMIT_LOC_STRINGS = YES;
				SWIFT_VERSION = 5.0;
				TARGETED_DEVICE_FAMILY = "1,2";
			};
			name = Release;
		};
		1F5A539429E08E2600F1AE4B /* Debug */ = {
			isa = XCBuildConfiguration;
			buildSettings = {
				ALWAYS_EMBED_SWIFT_STANDARD_LIBRARIES = YES;
				BUNDLE_LOADER = "$(TEST_HOST)";
				CODE_SIGN_STYLE = Automatic;
				CURRENT_PROJECT_VERSION = 1;
				DEVELOPMENT_TEAM = XW9N5K949L;
				GENERATE_INFOPLIST_FILE = YES;
				IPHONEOS_DEPLOYMENT_TARGET = 16.4;
				MACOSX_DEPLOYMENT_TARGET = 13.3;
				MARKETING_VERSION = 1.0;
				PRODUCT_BUNDLE_IDENTIFIER = "com.danidnm.Random-Games-ChooserTests";
				PRODUCT_NAME = "$(TARGET_NAME)";
				SDKROOT = auto;
				SUPPORTED_PLATFORMS = "iphoneos iphonesimulator macosx";
				SWIFT_EMIT_LOC_STRINGS = NO;
				SWIFT_VERSION = 5.0;
				TARGETED_DEVICE_FAMILY = "1,2";
				TEST_HOST = "$(BUILT_PRODUCTS_DIR)/Random Games Chooser.app/$(BUNDLE_EXECUTABLE_FOLDER_PATH)/Random Games Chooser";
			};
			name = Debug;
		};
		1F5A539529E08E2600F1AE4B /* Release */ = {
			isa = XCBuildConfiguration;
			buildSettings = {
				ALWAYS_EMBED_SWIFT_STANDARD_LIBRARIES = YES;
				BUNDLE_LOADER = "$(TEST_HOST)";
				CODE_SIGN_STYLE = Automatic;
				CURRENT_PROJECT_VERSION = 1;
				DEVELOPMENT_TEAM = XW9N5K949L;
				GENERATE_INFOPLIST_FILE = YES;
				IPHONEOS_DEPLOYMENT_TARGET = 16.4;
				MACOSX_DEPLOYMENT_TARGET = 13.3;
				MARKETING_VERSION = 1.0;
				PRODUCT_BUNDLE_IDENTIFIER = "com.danidnm.Random-Games-ChooserTests";
				PRODUCT_NAME = "$(TARGET_NAME)";
				SDKROOT = auto;
				SUPPORTED_PLATFORMS = "iphoneos iphonesimulator macosx";
				SWIFT_EMIT_LOC_STRINGS = NO;
				SWIFT_VERSION = 5.0;
				TARGETED_DEVICE_FAMILY = "1,2";
				TEST_HOST = "$(BUILT_PRODUCTS_DIR)/Random Games Chooser.app/$(BUNDLE_EXECUTABLE_FOLDER_PATH)/Random Games Chooser";
			};
			name = Release;
		};
		1F5A539729E08E2600F1AE4B /* Debug */ = {
			isa = XCBuildConfiguration;
			buildSettings = {
				ALWAYS_EMBED_SWIFT_STANDARD_LIBRARIES = YES;
				CODE_SIGN_STYLE = Automatic;
				CURRENT_PROJECT_VERSION = 1;
				DEVELOPMENT_TEAM = XW9N5K949L;
				GENERATE_INFOPLIST_FILE = YES;
				IPHONEOS_DEPLOYMENT_TARGET = 16.4;
				MACOSX_DEPLOYMENT_TARGET = 13.3;
				MARKETING_VERSION = 1.0;
				PRODUCT_BUNDLE_IDENTIFIER = "com.danidnm.Random-Games-ChooserUITests";
				PRODUCT_NAME = "$(TARGET_NAME)";
				SDKROOT = auto;
				SUPPORTED_PLATFORMS = "iphoneos iphonesimulator macosx";
				SWIFT_EMIT_LOC_STRINGS = NO;
				SWIFT_VERSION = 5.0;
				TARGETED_DEVICE_FAMILY = "1,2";
				TEST_TARGET_NAME = "Random Games Chooser";
			};
			name = Debug;
		};
		1F5A539829E08E2600F1AE4B /* Release */ = {
			isa = XCBuildConfiguration;
			buildSettings = {
				ALWAYS_EMBED_SWIFT_STANDARD_LIBRARIES = YES;
				CODE_SIGN_STYLE = Automatic;
				CURRENT_PROJECT_VERSION = 1;
				DEVELOPMENT_TEAM = XW9N5K949L;
				GENERATE_INFOPLIST_FILE = YES;
				IPHONEOS_DEPLOYMENT_TARGET = 16.4;
				MACOSX_DEPLOYMENT_TARGET = 13.3;
				MARKETING_VERSION = 1.0;
				PRODUCT_BUNDLE_IDENTIFIER = "com.danidnm.Random-Games-ChooserUITests";
				PRODUCT_NAME = "$(TARGET_NAME)";
				SDKROOT = auto;
				SUPPORTED_PLATFORMS = "iphoneos iphonesimulator macosx";
				SWIFT_EMIT_LOC_STRINGS = NO;
				SWIFT_VERSION = 5.0;
				TARGETED_DEVICE_FAMILY = "1,2";
				TEST_TARGET_NAME = "Random Games Chooser";
			};
			name = Release;
		};
/* End XCBuildConfiguration section */

/* Begin XCConfigurationList section */
		1F5A536629E08E2300F1AE4B /* Build configuration list for PBXProject "Random Games Chooser" */ = {
			isa = XCConfigurationList;
			buildConfigurations = (
				1F5A538E29E08E2600F1AE4B /* Debug */,
				1F5A538F29E08E2600F1AE4B /* Release */,
			);
			defaultConfigurationIsVisible = 0;
			defaultConfigurationName = Release;
		};
		1F5A539029E08E2600F1AE4B /* Build configuration list for PBXNativeTarget "Random Games Chooser" */ = {
			isa = XCConfigurationList;
			buildConfigurations = (
				1F5A539129E08E2600F1AE4B /* Debug */,
				1F5A539229E08E2600F1AE4B /* Release */,
			);
			defaultConfigurationIsVisible = 0;
			defaultConfigurationName = Release;
		};
		1F5A539329E08E2600F1AE4B /* Build configuration list for PBXNativeTarget "Random Games ChooserTests" */ = {
			isa = XCConfigurationList;
			buildConfigurations = (
				1F5A539429E08E2600F1AE4B /* Debug */,
				1F5A539529E08E2600F1AE4B /* Release */,
			);
			defaultConfigurationIsVisible = 0;
			defaultConfigurationName = Release;
		};
		1F5A539629E08E2600F1AE4B /* Build configuration list for PBXNativeTarget "Random Games ChooserUITests" */ = {
			isa = XCConfigurationList;
			buildConfigurations = (
				1F5A539729E08E2600F1AE4B /* Debug */,
				1F5A539829E08E2600F1AE4B /* Release */,
			);
			defaultConfigurationIsVisible = 0;
			defaultConfigurationName = Release;
		};
/* End XCConfigurationList section */
	};
	rootObject = 1F5A536329E08E2300F1AE4B /* Project object */;
}
